// !$*UTF8*$!
{
	archiveVersion = 1;
	classes = {
	};
	objectVersion = 46;
	objects = {

/* Begin PBXBuildFile section */
		ACA343D6198C58DF0074070E /* aj2013.txt in Resources */ = {isa = PBXBuildFile; fileRef = ACA343D5198C58DF0074070E /* aj2013.txt */; };
		ACA343D8198C58F30074070E /* peterpounding.txt in Resources */ = {isa = PBXBuildFile; fileRef = ACA343D7198C58F30074070E /* peterpounding.txt */; };
		ACA343DA198C59010074070E /* christianthing.txt in Resources */ = {isa = PBXBuildFile; fileRef = ACA343D9198C59010074070E /* christianthing.txt */; };
		ACE7D4D6198C56060050CFE7 /* samosas.txt in Resources */ = {isa = PBXBuildFile; fileRef = ACE7D4D5198C56060050CFE7 /* samosas.txt */; };
		CDB4903E198C0C04001C6DD3 /* Foundation.framework in Frameworks */ = {isa = PBXBuildFile; fileRef = CDB4903D198C0C04001C6DD3 /* Foundation.framework */; };
		CDB49040198C0C04001C6DD3 /* CoreGraphics.framework in Frameworks */ = {isa = PBXBuildFile; fileRef = CDB4903F198C0C04001C6DD3 /* CoreGraphics.framework */; };
		CDB49042198C0C04001C6DD3 /* UIKit.framework in Frameworks */ = {isa = PBXBuildFile; fileRef = CDB49041198C0C04001C6DD3 /* UIKit.framework */; };
		CDB49048198C0C04001C6DD3 /* InfoPlist.strings in Resources */ = {isa = PBXBuildFile; fileRef = CDB49046198C0C04001C6DD3 /* InfoPlist.strings */; };
		CDB4904A198C0C04001C6DD3 /* main.m in Sources */ = {isa = PBXBuildFile; fileRef = CDB49049198C0C04001C6DD3 /* main.m */; };
		CDB4904E198C0C04001C6DD3 /* AppDelegate.m in Sources */ = {isa = PBXBuildFile; fileRef = CDB4904D198C0C04001C6DD3 /* AppDelegate.m */; };
		CDB49051198C0C04001C6DD3 /* Main_iPhone.storyboard in Resources */ = {isa = PBXBuildFile; fileRef = CDB4904F198C0C04001C6DD3 /* Main_iPhone.storyboard */; };
		CDB49057198C0C04001C6DD3 /* ViewController.m in Sources */ = {isa = PBXBuildFile; fileRef = CDB49056198C0C04001C6DD3 /* ViewController.m */; };
		CDB49059198C0C04001C6DD3 /* Images.xcassets in Resources */ = {isa = PBXBuildFile; fileRef = CDB49058198C0C04001C6DD3 /* Images.xcassets */; };
		CDB49060198C0C04001C6DD3 /* XCTest.framework in Frameworks */ = {isa = PBXBuildFile; fileRef = CDB4905F198C0C04001C6DD3 /* XCTest.framework */; };
		CDB49061198C0C04001C6DD3 /* Foundation.framework in Frameworks */ = {isa = PBXBuildFile; fileRef = CDB4903D198C0C04001C6DD3 /* Foundation.framework */; };
		CDB49062198C0C04001C6DD3 /* UIKit.framework in Frameworks */ = {isa = PBXBuildFile; fileRef = CDB49041198C0C04001C6DD3 /* UIKit.framework */; };
		CDB4906A198C0C04001C6DD3 /* InfoPlist.strings in Resources */ = {isa = PBXBuildFile; fileRef = CDB49068198C0C04001C6DD3 /* InfoPlist.strings */; };
		CDB4906C198C0C04001C6DD3 /* JohriStoriesTests.m in Sources */ = {isa = PBXBuildFile; fileRef = CDB4906B198C0C04001C6DD3 /* JohriStoriesTests.m */; };
		CDB49077198C0C80001C6DD3 /* CustomTableViewController.m in Sources */ = {isa = PBXBuildFile; fileRef = CDB49076198C0C80001C6DD3 /* CustomTableViewController.m */; };
		CDB49082198C1315001C6DD3 /* CustomTable.m in Sources */ = {isa = PBXBuildFile; fileRef = CDB49081198C1315001C6DD3 /* CustomTable.m */; };
/* End PBXBuildFile section */

/* Begin PBXContainerItemProxy section */
		CDB49063198C0C04001C6DD3 /* PBXContainerItemProxy */ = {
			isa = PBXContainerItemProxy;
			containerPortal = CDB49032198C0C04001C6DD3 /* Project object */;
			proxyType = 1;
			remoteGlobalIDString = CDB49039198C0C04001C6DD3;
			remoteInfo = JohriStories;
		};
/* End PBXContainerItemProxy section */

/* Begin PBXFileReference section */
		ACA343D5198C58DF0074070E /* aj2013.txt */ = {isa = PBXFileReference; fileEncoding = 4; lastKnownFileType = text; path = aj2013.txt; sourceTree = "<group>"; };
		ACA343D7198C58F30074070E /* peterpounding.txt */ = {isa = PBXFileReference; fileEncoding = 4; lastKnownFileType = text; path = peterpounding.txt; sourceTree = "<group>"; };
		ACA343D9198C59010074070E /* christianthing.txt */ = {isa = PBXFileReference; fileEncoding = 4; lastKnownFileType = text; path = christianthing.txt; sourceTree = "<group>"; };
		ACE7D4D5198C56060050CFE7 /* samosas.txt */ = {isa = PBXFileReference; fileEncoding = 4; lastKnownFileType = text; path = samosas.txt; sourceTree = "<group>"; };
		CDB4903A198C0C04001C6DD3 /* JohriStories.app */ = {isa = PBXFileReference; explicitFileType = wrapper.application; includeInIndex = 0; path = JohriStories.app; sourceTree = BUILT_PRODUCTS_DIR; };
		CDB4903D198C0C04001C6DD3 /* Foundation.framework */ = {isa = PBXFileReference; lastKnownFileType = wrapper.framework; name = Foundation.framework; path = System/Library/Frameworks/Foundation.framework; sourceTree = SDKROOT; };
		CDB4903F198C0C04001C6DD3 /* CoreGraphics.framework */ = {isa = PBXFileReference; lastKnownFileType = wrapper.framework; name = CoreGraphics.framework; path = System/Library/Frameworks/CoreGraphics.framework; sourceTree = SDKROOT; };
		CDB49041198C0C04001C6DD3 /* UIKit.framework */ = {isa = PBXFileReference; lastKnownFileType = wrapper.framework; name = UIKit.framework; path = System/Library/Frameworks/UIKit.framework; sourceTree = SDKROOT; };
		CDB49045198C0C04001C6DD3 /* JohriStories-Info.plist */ = {isa = PBXFileReference; lastKnownFileType = text.plist.xml; path = "JohriStories-Info.plist"; sourceTree = "<group>"; };
		CDB49047198C0C04001C6DD3 /* en */ = {isa = PBXFileReference; lastKnownFileType = text.plist.strings; name = en; path = en.lproj/InfoPlist.strings; sourceTree = "<group>"; };
		CDB49049198C0C04001C6DD3 /* main.m */ = {isa = PBXFileReference; lastKnownFileType = sourcecode.c.objc; path = main.m; sourceTree = "<group>"; };
		CDB4904B198C0C04001C6DD3 /* JohriStories-Prefix.pch */ = {isa = PBXFileReference; lastKnownFileType = sourcecode.c.h; path = "JohriStories-Prefix.pch"; sourceTree = "<group>"; };
		CDB4904C198C0C04001C6DD3 /* AppDelegate.h */ = {isa = PBXFileReference; lastKnownFileType = sourcecode.c.h; path = AppDelegate.h; sourceTree = "<group>"; };
		CDB4904D198C0C04001C6DD3 /* AppDelegate.m */ = {isa = PBXFileReference; lastKnownFileType = sourcecode.c.objc; path = AppDelegate.m; sourceTree = "<group>"; };
		CDB49050198C0C04001C6DD3 /* Base */ = {isa = PBXFileReference; lastKnownFileType = file.storyboard; name = Base; path = Base.lproj/Main_iPhone.storyboard; sourceTree = "<group>"; };
		CDB49055198C0C04001C6DD3 /* ViewController.h */ = {isa = PBXFileReference; lastKnownFileType = sourcecode.c.h; path = ViewController.h; sourceTree = "<group>"; };
		CDB49056198C0C04001C6DD3 /* ViewController.m */ = {isa = PBXFileReference; lastKnownFileType = sourcecode.c.objc; path = ViewController.m; sourceTree = "<group>"; };
		CDB49058198C0C04001C6DD3 /* Images.xcassets */ = {isa = PBXFileReference; lastKnownFileType = folder.assetcatalog; path = Images.xcassets; sourceTree = "<group>"; };
		CDB4905E198C0C04001C6DD3 /* JohriStoriesTests.xctest */ = {isa = PBXFileReference; explicitFileType = wrapper.cfbundle; includeInIndex = 0; path = JohriStoriesTests.xctest; sourceTree = BUILT_PRODUCTS_DIR; };
		CDB4905F198C0C04001C6DD3 /* XCTest.framework */ = {isa = PBXFileReference; lastKnownFileType = wrapper.framework; name = XCTest.framework; path = Library/Frameworks/XCTest.framework; sourceTree = DEVELOPER_DIR; };
		CDB49067198C0C04001C6DD3 /* JohriStoriesTests-Info.plist */ = {isa = PBXFileReference; lastKnownFileType = text.plist.xml; path = "JohriStoriesTests-Info.plist"; sourceTree = "<group>"; };
		CDB49069198C0C04001C6DD3 /* en */ = {isa = PBXFileReference; lastKnownFileType = text.plist.strings; name = en; path = en.lproj/InfoPlist.strings; sourceTree = "<group>"; };
		CDB4906B198C0C04001C6DD3 /* JohriStoriesTests.m */ = {isa = PBXFileReference; lastKnownFileType = sourcecode.c.objc; path = JohriStoriesTests.m; sourceTree = "<group>"; };
		CDB49075198C0C80001C6DD3 /* CustomTableViewController.h */ = {isa = PBXFileReference; fileEncoding = 4; lastKnownFileType = sourcecode.c.h; path = CustomTableViewController.h; sourceTree = "<group>"; };
		CDB49076198C0C80001C6DD3 /* CustomTableViewController.m */ = {isa = PBXFileReference; fileEncoding = 4; lastKnownFileType = sourcecode.c.objc; path = CustomTableViewController.m; sourceTree = "<group>"; };
		CDB49080198C1315001C6DD3 /* CustomTable.h */ = {isa = PBXFileReference; fileEncoding = 4; lastKnownFileType = sourcecode.c.h; path = CustomTable.h; sourceTree = "<group>"; };
		CDB49081198C1315001C6DD3 /* CustomTable.m */ = {isa = PBXFileReference; fileEncoding = 4; lastKnownFileType = sourcecode.c.objc; path = CustomTable.m; sourceTree = "<group>"; };
/* End PBXFileReference section */

/* Begin PBXFrameworksBuildPhase section */
		CDB49037198C0C04001C6DD3 /* Frameworks */ = {
			isa = PBXFrameworksBuildPhase;
			buildActionMask = 2147483647;
			files = (
				CDB49040198C0C04001C6DD3 /* CoreGraphics.framework in Frameworks */,
				CDB49042198C0C04001C6DD3 /* UIKit.framework in Frameworks */,
				CDB4903E198C0C04001C6DD3 /* Foundation.framework in Frameworks */,
			);
			runOnlyForDeploymentPostprocessing = 0;
		};
		CDB4905B198C0C04001C6DD3 /* Frameworks */ = {
			isa = PBXFrameworksBuildPhase;
			buildActionMask = 2147483647;
			files = (
				CDB49060198C0C04001C6DD3 /* XCTest.framework in Frameworks */,
				CDB49062198C0C04001C6DD3 /* UIKit.framework in Frameworks */,
				CDB49061198C0C04001C6DD3 /* Foundation.framework in Frameworks */,
			);
			runOnlyForDeploymentPostprocessing = 0;
		};
/* End PBXFrameworksBuildPhase section */

/* Begin PBXGroup section */
		CDB49031198C0C04001C6DD3 = {
			isa = PBXGroup;
			children = (
				CDB49043198C0C04001C6DD3 /* JohriStories */,
				CDB49065198C0C04001C6DD3 /* JohriStoriesTests */,
				CDB4903C198C0C04001C6DD3 /* Frameworks */,
				CDB4903B198C0C04001C6DD3 /* Products */,
			);
			sourceTree = "<group>";
		};
		CDB4903B198C0C04001C6DD3 /* Products */ = {
			isa = PBXGroup;
			children = (
				CDB4903A198C0C04001C6DD3 /* JohriStories.app */,
				CDB4905E198C0C04001C6DD3 /* JohriStoriesTests.xctest */,
			);
			name = Products;
			sourceTree = "<group>";
		};
		CDB4903C198C0C04001C6DD3 /* Frameworks */ = {
			isa = PBXGroup;
			children = (
				CDB4903D198C0C04001C6DD3 /* Foundation.framework */,
				CDB4903F198C0C04001C6DD3 /* CoreGraphics.framework */,
				CDB49041198C0C04001C6DD3 /* UIKit.framework */,
				CDB4905F198C0C04001C6DD3 /* XCTest.framework */,
			);
			name = Frameworks;
			sourceTree = "<group>";
		};
		CDB49043198C0C04001C6DD3 /* JohriStories */ = {
			isa = PBXGroup;
			children = (
				ACE7D4D5198C56060050CFE7 /* samosas.txt */,
				ACA343D5198C58DF0074070E /* aj2013.txt */,
				ACA343D7198C58F30074070E /* peterpounding.txt */,
				ACA343D9198C59010074070E /* christianthing.txt */,
				CDB4904C198C0C04001C6DD3 /* AppDelegate.h */,
				CDB4904D198C0C04001C6DD3 /* AppDelegate.m */,
				CDB4904F198C0C04001C6DD3 /* Main_iPhone.storyboard */,
				CDB49075198C0C80001C6DD3 /* CustomTableViewController.h */,
				CDB49076198C0C80001C6DD3 /* CustomTableViewController.m */,
				CDB49080198C1315001C6DD3 /* CustomTable.h */,
				CDB49081198C1315001C6DD3 /* CustomTable.m */,
				CDB49055198C0C04001C6DD3 /* ViewController.h */,
				CDB49056198C0C04001C6DD3 /* ViewController.m */,
				CDB49058198C0C04001C6DD3 /* Images.xcassets */,
				CDB49044198C0C04001C6DD3 /* Supporting Files */,
			);
			path = JohriStories;
			sourceTree = "<group>";
		};
		CDB49044198C0C04001C6DD3 /* Supporting Files */ = {
			isa = PBXGroup;
			children = (
				CDB49045198C0C04001C6DD3 /* JohriStories-Info.plist */,
				CDB49046198C0C04001C6DD3 /* InfoPlist.strings */,
				CDB49049198C0C04001C6DD3 /* main.m */,
				CDB4904B198C0C04001C6DD3 /* JohriStories-Prefix.pch */,
			);
			name = "Supporting Files";
			sourceTree = "<group>";
		};
		CDB49065198C0C04001C6DD3 /* JohriStoriesTests */ = {
			isa = PBXGroup;
			children = (
				CDB4906B198C0C04001C6DD3 /* JohriStoriesTests.m */,
				CDB49066198C0C04001C6DD3 /* Supporting Files */,
			);
			path = JohriStoriesTests;
			sourceTree = "<group>";
		};
		CDB49066198C0C04001C6DD3 /* Supporting Files */ = {
			isa = PBXGroup;
			children = (
				CDB49067198C0C04001C6DD3 /* JohriStoriesTests-Info.plist */,
				CDB49068198C0C04001C6DD3 /* InfoPlist.strings */,
			);
			name = "Supporting Files";
			sourceTree = "<group>";
		};
/* End PBXGroup section */

/* Begin PBXNativeTarget section */
		CDB49039198C0C04001C6DD3 /* JohriStories */ = {
			isa = PBXNativeTarget;
			buildConfigurationList = CDB4906F198C0C04001C6DD3 /* Build configuration list for PBXNativeTarget "JohriStories" */;
			buildPhases = (
				CDB49036198C0C04001C6DD3 /* Sources */,
				CDB49037198C0C04001C6DD3 /* Frameworks */,
				CDB49038198C0C04001C6DD3 /* Resources */,
			);
			buildRules = (
			);
			dependencies = (
			);
			name = JohriStories;
			productName = JohriStories;
			productReference = CDB4903A198C0C04001C6DD3 /* JohriStories.app */;
			productType = "com.apple.product-type.application";
		};
		CDB4905D198C0C04001C6DD3 /* JohriStoriesTests */ = {
			isa = PBXNativeTarget;
			buildConfigurationList = CDB49072198C0C04001C6DD3 /* Build configuration list for PBXNativeTarget "JohriStoriesTests" */;
			buildPhases = (
				CDB4905A198C0C04001C6DD3 /* Sources */,
				CDB4905B198C0C04001C6DD3 /* Frameworks */,
				CDB4905C198C0C04001C6DD3 /* Resources */,
			);
			buildRules = (
			);
			dependencies = (
				CDB49064198C0C04001C6DD3 /* PBXTargetDependency */,
			);
			name = JohriStoriesTests;
			productName = JohriStoriesTests;
			productReference = CDB4905E198C0C04001C6DD3 /* JohriStoriesTests.xctest */;
			productType = "com.apple.product-type.bundle.unit-test";
		};
/* End PBXNativeTarget section */

/* Begin PBXProject section */
		CDB49032198C0C04001C6DD3 /* Project object */ = {
			isa = PBXProject;
			attributes = {
				LastUpgradeCheck = 0510;
				ORGANIZATIONNAME = "___FULLUSERNAME___";
				TargetAttributes = {
					CDB4905D198C0C04001C6DD3 = {
						TestTargetID = CDB49039198C0C04001C6DD3;
					};
				};
			};
			buildConfigurationList = CDB49035198C0C04001C6DD3 /* Build configuration list for PBXProject "JohriStories" */;
			compatibilityVersion = "Xcode 3.2";
			developmentRegion = English;
			hasScannedForEncodings = 0;
			knownRegions = (
				en,
				Base,
			);
			mainGroup = CDB49031198C0C04001C6DD3;
			productRefGroup = CDB4903B198C0C04001C6DD3 /* Products */;
			projectDirPath = "";
			projectRoot = "";
			targets = (
				CDB49039198C0C04001C6DD3 /* JohriStories */,
				CDB4905D198C0C04001C6DD3 /* JohriStoriesTests */,
			);
		};
/* End PBXProject section */

/* Begin PBXResourcesBuildPhase section */
		CDB49038198C0C04001C6DD3 /* Resources */ = {
			isa = PBXResourcesBuildPhase;
			buildActionMask = 2147483647;
			files = (
				ACE7D4D6198C56060050CFE7 /* samosas.txt in Resources */,
				ACA343DA198C59010074070E /* christianthing.txt in Resources */,
				ACA343D8198C58F30074070E /* peterpounding.txt in Resources */,
				ACA343D6198C58DF0074070E /* aj2013.txt in Resources */,
				CDB49059198C0C04001C6DD3 /* Images.xcassets in Resources */,
				CDB49051198C0C04001C6DD3 /* Main_iPhone.storyboard in Resources */,
				CDB49048198C0C04001C6DD3 /* InfoPlist.strings in Resources */,
			);
			runOnlyForDeploymentPostprocessing = 0;
		};
		CDB4905C198C0C04001C6DD3 /* Resources */ = {
			isa = PBXResourcesBuildPhase;
			buildActionMask = 2147483647;
			files = (
				CDB4906A198C0C04001C6DD3 /* InfoPlist.strings in Resources */,
			);
			runOnlyForDeploymentPostprocessing = 0;
		};
/* End PBXResourcesBuildPhase section */

/* Begin PBXSourcesBuildPhase section */
		CDB49036198C0C04001C6DD3 /* Sources */ = {
			isa = PBXSourcesBuildPhase;
			buildActionMask = 2147483647;
			files = (
				CDB49077198C0C80001C6DD3 /* CustomTableViewController.m in Sources */,
				CDB49057198C0C04001C6DD3 /* ViewController.m in Sources */,
				CDB4904E198C0C04001C6DD3 /* AppDelegate.m in Sources */,
				CDB49082198C1315001C6DD3 /* CustomTable.m in Sources */,
				CDB4904A198C0C04001C6DD3 /* main.m in Sources */,
			);
			runOnlyForDeploymentPostprocessing = 0;
		};
		CDB4905A198C0C04001C6DD3 /* Sources */ = {
			isa = PBXSourcesBuildPhase;
			buildActionMask = 2147483647;
			files = (
				CDB4906C198C0C04001C6DD3 /* JohriStoriesTests.m in Sources */,
			);
			runOnlyForDeploymentPostprocessing = 0;
		};
/* End PBXSourcesBuildPhase section */

/* Begin PBXTargetDependency section */
		CDB49064198C0C04001C6DD3 /* PBXTargetDependency */ = {
			isa = PBXTargetDependency;
			target = CDB49039198C0C04001C6DD3 /* JohriStories */;
			targetProxy = CDB49063198C0C04001C6DD3 /* PBXContainerItemProxy */;
		};
/* End PBXTargetDependency section */

/* Begin PBXVariantGroup section */
		CDB49046198C0C04001C6DD3 /* InfoPlist.strings */ = {
			isa = PBXVariantGroup;
			children = (
				CDB49047198C0C04001C6DD3 /* en */,
			);
			name = InfoPlist.strings;
			sourceTree = "<group>";
		};
		CDB4904F198C0C04001C6DD3 /* Main_iPhone.storyboard */ = {
			isa = PBXVariantGroup;
			children = (
				CDB49050198C0C04001C6DD3 /* Base */,
			);
			name = Main_iPhone.storyboard;
			sourceTree = "<group>";
		};
		CDB49068198C0C04001C6DD3 /* InfoPlist.strings */ = {
			isa = PBXVariantGroup;
			children = (
				CDB49069198C0C04001C6DD3 /* en */,
			);
			name = InfoPlist.strings;
			sourceTree = "<group>";
		};
/* End PBXVariantGroup section */

/* Begin XCBuildConfiguration section */
		CDB4906D198C0C04001C6DD3 /* Debug */ = {
			isa = XCBuildConfiguration;
			buildSettings = {
				ALWAYS_SEARCH_USER_PATHS = NO;
				CLANG_CXX_LANGUAGE_STANDARD = "gnu++0x";
				CLANG_CXX_LIBRARY = "libc++";
				CLANG_ENABLE_MODULES = YES;
				CLANG_ENABLE_OBJC_ARC = YES;
				CLANG_WARN_BOOL_CONVERSION = YES;
				CLANG_WARN_CONSTANT_CONVERSION = YES;
				CLANG_WARN_DIRECT_OBJC_ISA_USAGE = YES_ERROR;
				CLANG_WARN_EMPTY_BODY = YES;
				CLANG_WARN_ENUM_CONVERSION = YES;
				CLANG_WARN_INT_CONVERSION = YES;
				CLANG_WARN_OBJC_ROOT_CLASS = YES_ERROR;
				CLANG_WARN__DUPLICATE_METHOD_MATCH = YES;
				"CODE_SIGN_IDENTITY[sdk=iphoneos*]" = "iPhone Developer";
				COPY_PHASE_STRIP = NO;
				GCC_C_LANGUAGE_STANDARD = gnu99;
				GCC_DYNAMIC_NO_PIC = NO;
				GCC_OPTIMIZATION_LEVEL = 0;
				GCC_PREPROCESSOR_DEFINITIONS = (
					"DEBUG=1",
					"$(inherited)",
				);
				GCC_SYMBOLS_PRIVATE_EXTERN = NO;
				GCC_WARN_64_TO_32_BIT_CONVERSION = YES;
				GCC_WARN_ABOUT_RETURN_TYPE = YES_ERROR;
				GCC_WARN_UNDECLARED_SELECTOR = YES;
				GCC_WARN_UNINITIALIZED_AUTOS = YES_AGGRESSIVE;
				GCC_WARN_UNUSED_FUNCTION = YES;
				GCC_WARN_UNUSED_VARIABLE = YES;
				IPHONEOS_DEPLOYMENT_TARGET = 7.1;
				ONLY_ACTIVE_ARCH = YES;
				SDKROOT = iphoneos;
				TARGETED_DEVICE_FAMILY = "1,2";
			};
			name = Debug;
		};
		CDB4906E198C0C04001C6DD3 /* Release */ = {
			isa = XCBuildConfiguration;
			buildSettings = {
				ALWAYS_SEARCH_USER_PATHS = NO;
				CLANG_CXX_LANGUAGE_STANDARD = "gnu++0x";
				CLANG_CXX_LIBRARY = "libc++";
				CLANG_ENABLE_MODULES = YES;
				CLANG_ENABLE_OBJC_ARC = YES;
				CLANG_WARN_BOOL_CONVERSION = YES;
				CLANG_WARN_CONSTANT_CONVERSION = YES;
				CLANG_WARN_DIRECT_OBJC_ISA_USAGE = YES_ERROR;
				CLANG_WARN_EMPTY_BODY = YES;
				CLANG_WARN_ENUM_CONVERSION = YES;
				CLANG_WARN_INT_CONVERSION = YES;
				CLANG_WARN_OBJC_ROOT_CLASS = YES_ERROR;
				CLANG_WARN__DUPLICATE_METHOD_MATCH = YES;
				"CODE_SIGN_IDENTITY[sdk=iphoneos*]" = "iPhone Developer";
				COPY_PHASE_STRIP = YES;
				ENABLE_NS_ASSERTIONS = NO;
				GCC_C_LANGUAGE_STANDARD = gnu99;
				GCC_WARN_64_TO_32_BIT_CONVERSION = YES;
				GCC_WARN_ABOUT_RETURN_TYPE = YES_ERROR;
				GCC_WARN_UNDECLARED_SELECTOR = YES;
				GCC_WARN_UNINITIALIZED_AUTOS = YES_AGGRESSIVE;
				GCC_WARN_UNUSED_FUNCTION = YES;
				GCC_WARN_UNUSED_VARIABLE = YES;
				IPHONEOS_DEPLOYMENT_TARGET = 7.1;
				SDKROOT = iphoneos;
				TARGETED_DEVICE_FAMILY = "1,2";
				VALIDATE_PRODUCT = YES;
			};
			name = Release;
		};
		CDB49070198C0C04001C6DD3 /* Debug */ = {
			isa = XCBuildConfiguration;
			buildSettings = {
				ASSETCATALOG_COMPILER_APPICON_NAME = AppIcon;
				ASSETCATALOG_COMPILER_LAUNCHIMAGE_NAME = LaunchImage;
				GCC_PRECOMPILE_PREFIX_HEADER = YES;
				GCC_PREFIX_HEADER = "JohriStories/JohriStories-Prefix.pch";
				INFOPLIST_FILE = "JohriStories/JohriStories-Info.plist";
				PRODUCT_NAME = "$(TARGET_NAME)";
				WRAPPER_EXTENSION = app;
			};
			name = Debug;
		};
		CDB49071198C0C04001C6DD3 /* Release */ = {
			isa = XCBuildConfiguration;
			buildSettings = {
				ASSETCATALOG_COMPILER_APPICON_NAME = AppIcon;
				ASSETCATALOG_COMPILER_LAUNCHIMAGE_NAME = LaunchImage;
				GCC_PRECOMPILE_PREFIX_HEADER = YES;
				GCC_PREFIX_HEADER = "JohriStories/JohriStories-Prefix.pch";
				INFOPLIST_FILE = "JohriStories/JohriStories-Info.plist";
				PRODUCT_NAME = "$(TARGET_NAME)";
				WRAPPER_EXTENSION = app;
			};
			name = Release;
		};
		CDB49073198C0C04001C6DD3 /* Debug */ = {
			isa = XCBuildConfiguration;
			buildSettings = {
				BUNDLE_LOADER = "$(BUILT_PRODUCTS_DIR)/JohriStories.app/JohriStories";
				FRAMEWORK_SEARCH_PATHS = (
					"$(SDKROOT)/Developer/Library/Frameworks",
					"$(inherited)",
					"$(DEVELOPER_FRAMEWORKS_DIR)",
				);
				GCC_PRECOMPILE_PREFIX_HEADER = YES;
				GCC_PREFIX_HEADER = "JohriStories/JohriStories-Prefix.pch";
				GCC_PREPROCESSOR_DEFINITIONS = (
					"DEBUG=1",
					"$(inherited)",
				);
				INFOPLIST_FILE = "JohriStoriesTests/JohriStoriesTests-Info.plist";
				PRODUCT_NAME = "$(TARGET_NAME)";
				TEST_HOST = "$(BUNDLE_LOADER)";
				WRAPPER_EXTENSION = xctest;
			};
			name = Debug;
		};
		CDB49074198C0C04001C6DD3 /* Release */ = {
			isa = XCBuildConfiguration;
			buildSettings = {
				BUNDLE_LOADER = "$(BUILT_PRODUCTS_DIR)/JohriStories.app/JohriStories";
				FRAMEWORK_SEARCH_PATHS = (
					"$(SDKROOT)/Developer/Library/Frameworks",
					"$(inherited)",
					"$(DEVELOPER_FRAMEWORKS_DIR)",
				);
				GCC_PRECOMPILE_PREFIX_HEADER = YES;
				GCC_PREFIX_HEADER = "JohriStories/JohriStories-Prefix.pch";
				INFOPLIST_FILE = "JohriStoriesTests/JohriStoriesTests-Info.plist";
				PRODUCT_NAME = "$(TARGET_NAME)";
				TEST_HOST = "$(BUNDLE_LOADER)";
				WRAPPER_EXTENSION = xctest;
			};
			name = Release;
		};
/* End XCBuildConfiguration section */

/* Begin XCConfigurationList section */
		CDB49035198C0C04001C6DD3 /* Build configuration list for PBXProject "JohriStories" */ = {
			isa = XCConfigurationList;
			buildConfigurations = (
				CDB4906D198C0C04001C6DD3 /* Debug */,
				CDB4906E198C0C04001C6DD3 /* Release */,
			);
			defaultConfigurationIsVisible = 0;
			defaultConfigurationName = Release;
		};
		CDB4906F198C0C04001C6DD3 /* Build configuration list for PBXNativeTarget "JohriStories" */ = {
			isa = XCConfigurationList;
			buildConfigurations = (
				CDB49070198C0C04001C6DD3 /* Debug */,
				CDB49071198C0C04001C6DD3 /* Release */,
			);
			defaultConfigurationIsVisible = 0;
			defaultConfigurationName = Release;
		};
		CDB49072198C0C04001C6DD3 /* Build configuration list for PBXNativeTarget "JohriStoriesTests" */ = {
			isa = XCConfigurationList;
			buildConfigurations = (
				CDB49073198C0C04001C6DD3 /* Debug */,
				CDB49074198C0C04001C6DD3 /* Release */,
			);
			defaultConfigurationIsVisible = 0;
			defaultConfigurationName = Release;
		};
/* End XCConfigurationList section */
	};
	rootObject = CDB49032198C0C04001C6DD3 /* Project object */;
}
